
Microsoft Visual Studio Solution File, Format Version 12.00
# Visual Studio Version 16
VisualStudioVersion = 16.0.30804.86
MinimumVisualStudioVersion = 10.0.40219.1
Project("{9A19103F-16F7-4668-BE54-9A1E7A4F7556}") = "day01-part1", "day01\part1\day01-part1.csproj", "{F303945E-FFD9-4145-A64E-59F7688A7507}"
EndProject
Project("{9A19103F-16F7-4668-BE54-9A1E7A4F7556}") = "day01-part2", "day01\part2\day01-part2.csproj", "{3D9B3F4F-D60D-47D7-A6C7-2D41D39D1CDD}"
EndProject
Project("{9A19103F-16F7-4668-BE54-9A1E7A4F7556}") = "day02-part1", "day02\part1\day02-part1.csproj", "{3066C9B5-5C92-42A4-B023-9FD62E16A9AF}"
EndProject
Project("{9A19103F-16F7-4668-BE54-9A1E7A4F7556}") = "day02-part2", "day02\part2\day02-part2.csproj", "{AD7EA5C2-463E-430D-A759-C089FBDCBBA0}"
EndProject
Project("{9A19103F-16F7-4668-BE54-9A1E7A4F7556}") = "day03-part1", "day03\part1\day03-part1.csproj", "{C3B95CD3-D00C-4514-BF43-722F281212C3}"
EndProject
Project("{9A19103F-16F7-4668-BE54-9A1E7A4F7556}") = "day03-part2", "day03\part2\day03-part2.csproj", "{954F4D40-5F8C-4A9C-B50C-BDA3D8E457D4}"
EndProject
Project("{9A19103F-16F7-4668-BE54-9A1E7A4F7556}") = "day04-part1", "day04\part1\day04-part1.csproj", "{0D9F3A8B-9C17-470C-83C5-9FE4315D95F5}"
EndProject
Project("{9A19103F-16F7-4668-BE54-9A1E7A4F7556}") = "day04-part2", "day04\part2\day04-part2.csproj", "{42910198-1D94-4C16-A4C6-150C639437F6}"
EndProject
Project("{9A19103F-16F7-4668-BE54-9A1E7A4F7556}") = "day05-part1", "day05\part1\day05-part1.csproj", "{5344FF10-5B9C-43FF-A18C-7BDC6E257D0B}"
EndProject
Project("{FAE04EC0-301F-11D3-BF4B-00C04F79EFBC}") = "day05-part2", "day05\part2\day05-part2.csproj", "{0694D531-B39B-4270-B235-D52678AD6115}"
EndProject
Project("{FAE04EC0-301F-11D3-BF4B-00C04F79EFBC}") = "day06-part2", "day06\part2\day06-part2.csproj", "{38252DF3-568F-438C-BB79-0E02A8A0D76C}"
EndProject
Project("{FAE04EC0-301F-11D3-BF4B-00C04F79EFBC}") = "day06-part1", "day06\part1\day06-part1.csproj", "{703B5F61-F07D-4B41-9BC3-959F6DBDCAA9}"
EndProject
Global
	GlobalSection(SolutionConfigurationPlatforms) = preSolution
		Debug|Any CPU = Debug|Any CPU
		Release|Any CPU = Release|Any CPU
	EndGlobalSection
	GlobalSection(ProjectConfigurationPlatforms) = postSolution
		{F303945E-FFD9-4145-A64E-59F7688A7507}.Debug|Any CPU.ActiveCfg = Debug|Any CPU
		{F303945E-FFD9-4145-A64E-59F7688A7507}.Debug|Any CPU.Build.0 = Debug|Any CPU
		{F303945E-FFD9-4145-A64E-59F7688A7507}.Release|Any CPU.ActiveCfg = Release|Any CPU
		{F303945E-FFD9-4145-A64E-59F7688A7507}.Release|Any CPU.Build.0 = Release|Any CPU
		{3D9B3F4F-D60D-47D7-A6C7-2D41D39D1CDD}.Debug|Any CPU.ActiveCfg = Debug|Any CPU
		{3D9B3F4F-D60D-47D7-A6C7-2D41D39D1CDD}.Debug|Any CPU.Build.0 = Debug|Any CPU
		{3D9B3F4F-D60D-47D7-A6C7-2D41D39D1CDD}.Release|Any CPU.ActiveCfg = Release|Any CPU
		{3D9B3F4F-D60D-47D7-A6C7-2D41D39D1CDD}.Release|Any CPU.Build.0 = Release|Any CPU
		{3066C9B5-5C92-42A4-B023-9FD62E16A9AF}.Debug|Any CPU.ActiveCfg = Debug|Any CPU
		{3066C9B5-5C92-42A4-B023-9FD62E16A9AF}.Debug|Any CPU.Build.0 = Debug|Any CPU
		{3066C9B5-5C92-42A4-B023-9FD62E16A9AF}.Release|Any CPU.ActiveCfg = Release|Any CPU
		{3066C9B5-5C92-42A4-B023-9FD62E16A9AF}.Release|Any CPU.Build.0 = Release|Any CPU
		{AD7EA5C2-463E-430D-A759-C089FBDCBBA0}.Debug|Any CPU.ActiveCfg = Debug|Any CPU
		{AD7EA5C2-463E-430D-A759-C089FBDCBBA0}.Debug|Any CPU.Build.0 = Debug|Any CPU
		{AD7EA5C2-463E-430D-A759-C089FBDCBBA0}.Release|Any CPU.ActiveCfg = Release|Any CPU
		{AD7EA5C2-463E-430D-A759-C089FBDCBBA0}.Release|Any CPU.Build.0 = Release|Any CPU
		{C3B95CD3-D00C-4514-BF43-722F281212C3}.Debug|Any CPU.ActiveCfg = Debug|Any CPU
		{C3B95CD3-D00C-4514-BF43-722F281212C3}.Debug|Any CPU.Build.0 = Debug|Any CPU
		{C3B95CD3-D00C-4514-BF43-722F281212C3}.Release|Any CPU.ActiveCfg = Release|Any CPU
		{C3B95CD3-D00C-4514-BF43-722F281212C3}.Release|Any CPU.Build.0 = Release|Any CPU
		{954F4D40-5F8C-4A9C-B50C-BDA3D8E457D4}.Debug|Any CPU.ActiveCfg = Debug|Any CPU
		{954F4D40-5F8C-4A9C-B50C-BDA3D8E457D4}.Debug|Any CPU.Build.0 = Debug|Any CPU
		{954F4D40-5F8C-4A9C-B50C-BDA3D8E457D4}.Release|Any CPU.ActiveCfg = Release|Any CPU
		{954F4D40-5F8C-4A9C-B50C-BDA3D8E457D4}.Release|Any CPU.Build.0 = Release|Any CPU
		{0D9F3A8B-9C17-470C-83C5-9FE4315D95F5}.Debug|Any CPU.ActiveCfg = Debug|Any CPU
		{0D9F3A8B-9C17-470C-83C5-9FE4315D95F5}.Debug|Any CPU.Build.0 = Debug|Any CPU
		{0D9F3A8B-9C17-470C-83C5-9FE4315D95F5}.Release|Any CPU.ActiveCfg = Release|Any CPU
		{0D9F3A8B-9C17-470C-83C5-9FE4315D95F5}.Release|Any CPU.Build.0 = Release|Any CPU
		{42910198-1D94-4C16-A4C6-150C639437F6}.Debug|Any CPU.ActiveCfg = Debug|Any CPU
		{42910198-1D94-4C16-A4C6-150C639437F6}.Debug|Any CPU.Build.0 = Debug|Any CPU
		{42910198-1D94-4C16-A4C6-150C639437F6}.Release|Any CPU.ActiveCfg = Release|Any CPU
		{42910198-1D94-4C16-A4C6-150C639437F6}.Release|Any CPU.Build.0 = Release|Any CPU
		{5344FF10-5B9C-43FF-A18C-7BDC6E257D0B}.Debug|Any CPU.ActiveCfg = Debug|Any CPU
		{5344FF10-5B9C-43FF-A18C-7BDC6E257D0B}.Debug|Any CPU.Build.0 = Debug|Any CPU
		{5344FF10-5B9C-43FF-A18C-7BDC6E257D0B}.Release|Any CPU.ActiveCfg = Release|Any CPU
		{5344FF10-5B9C-43FF-A18C-7BDC6E257D0B}.Release|Any CPU.Build.0 = Release|Any CPU
		{0694D531-B39B-4270-B235-D52678AD6115}.Debug|Any CPU.ActiveCfg = Debug|Any CPU
		{0694D531-B39B-4270-B235-D52678AD6115}.Debug|Any CPU.Build.0 = Debug|Any CPU
		{0694D531-B39B-4270-B235-D52678AD6115}.Release|Any CPU.ActiveCfg = Release|Any CPU
		{0694D531-B39B-4270-B235-D52678AD6115}.Release|Any CPU.Build.0 = Release|Any CPU
		{38252DF3-568F-438C-BB79-0E02A8A0D76C}.Debug|Any CPU.ActiveCfg = Debug|Any CPU
		{38252DF3-568F-438C-BB79-0E02A8A0D76C}.Debug|Any CPU.Build.0 = Debug|Any CPU
		{38252DF3-568F-438C-BB79-0E02A8A0D76C}.Release|Any CPU.ActiveCfg = Release|Any CPU
		{38252DF3-568F-438C-BB79-0E02A8A0D76C}.Release|Any CPU.Build.0 = Release|Any CPU
		{703B5F61-F07D-4B41-9BC3-959F6DBDCAA9}.Debug|Any CPU.ActiveCfg = Debug|Any CPU
		{703B5F61-F07D-4B41-9BC3-959F6DBDCAA9}.Debug|Any CPU.Build.0 = Debug|Any CPU
		{703B5F61-F07D-4B41-9BC3-959F6DBDCAA9}.Release|Any CPU.ActiveCfg = Release|Any CPU
		{703B5F61-F07D-4B41-9BC3-959F6DBDCAA9}.Release|Any CPU.Build.0 = Release|Any CPU
	EndGlobalSection
	GlobalSection(SolutionProperties) = preSolution
		HideSolutionNode = FALSE
	EndGlobalSection
	GlobalSection(ExtensibilityGlobals) = postSolution
		SolutionGuid = {1400C62A-4B7A-4BF5-8A16-852BFF1E5ADE}
	EndGlobalSection
EndGlobal
